// !$*UTF8*$!
{
	archiveVersion = 1;
	classes = {
	};
	objectVersion = 55;
	objects = {

/* Begin PBXBuildFile section */
		250AEAEF273A0576004D423C /* HttpClient.swift in Sources */ = {isa = PBXBuildFile; fileRef = 250AEAEE273A0576004D423C /* HttpClient.swift */; };
		250AEAF1273A0591004D423C /* FeedItemMapper.swift in Sources */ = {isa = PBXBuildFile; fileRef = 250AEAF0273A0591004D423C /* FeedItemMapper.swift */; };
		250AEAF5273C28D6004D423C /* URLSessionHttpClientTests.swift in Sources */ = {isa = PBXBuildFile; fileRef = 250AEAF4273C28D6004D423C /* URLSessionHttpClientTests.swift */; };
		250AEAF8273CABCE004D423C /* XCTestCase+MemoryLeakTrack.swift in Sources */ = {isa = PBXBuildFile; fileRef = 250AEAF7273CABCE004D423C /* XCTestCase+MemoryLeakTrack.swift */; };
		250AEAFA273CAC1F004D423C /* TestFactories.swift in Sources */ = {isa = PBXBuildFile; fileRef = 250AEAF9273CAC1F004D423C /* TestFactories.swift */; };
		25263809274FBF1400FB8DE1 /* FeedStoreSpy.swift in Sources */ = {isa = PBXBuildFile; fileRef = 25263808274FBF1400FB8DE1 /* FeedStoreSpy.swift */; };
		2526380C274FBFEC00FB8DE1 /* LoadFeedUseCaseTests.swift in Sources */ = {isa = PBXBuildFile; fileRef = 2526380B274FBFEC00FB8DE1 /* LoadFeedUseCaseTests.swift */; };
		253B9A842749264400F44E9E /* EssentialFeedAPIEndToEndTests.swift in Sources */ = {isa = PBXBuildFile; fileRef = 253B9A832749264400F44E9E /* EssentialFeedAPIEndToEndTests.swift */; };
		253B9A852749264400F44E9E /* EssentialFeed.framework in Frameworks */ = {isa = PBXBuildFile; fileRef = 25CEC15C272C0300004BCFA9 /* EssentialFeed.framework */; };
		253B9A8B2749268100F44E9E /* XCTestCase+MemoryLeakTrack.swift in Sources */ = {isa = PBXBuildFile; fileRef = 250AEAF7273CABCE004D423C /* XCTestCase+MemoryLeakTrack.swift */; };
		257962D6274A60CB0033DE0C /* CacheFeedUseCaseTests.swift in Sources */ = {isa = PBXBuildFile; fileRef = 257962D5274A60CB0033DE0C /* CacheFeedUseCaseTests.swift */; };
		257962DB274EB95B0033DE0C /* LocalFeedLoader.swift in Sources */ = {isa = PBXBuildFile; fileRef = 257962DA274EB95B0033DE0C /* LocalFeedLoader.swift */; };
		257962DD274EB9E70033DE0C /* FeedStore.swift in Sources */ = {isa = PBXBuildFile; fileRef = 257962DC274EB9E70033DE0C /* FeedStore.swift */; };
		25AB33F6274558B70074885A /* URLSessionHttpClient.swift in Sources */ = {isa = PBXBuildFile; fileRef = 25AB33F5274558B70074885A /* URLSessionHttpClient.swift */; };
		25BEF80A2736874B000D21F2 /* RemoteFeedLoader.swift in Sources */ = {isa = PBXBuildFile; fileRef = 25BEF8092736874B000D21F2 /* RemoteFeedLoader.swift */; };
		25CEC165272C0300004BCFA9 /* EssentialFeed.framework in Frameworks */ = {isa = PBXBuildFile; fileRef = 25CEC15C272C0300004BCFA9 /* EssentialFeed.framework */; };
		25CEC175272C033D004BCFA9 /* FeedItem.swift in Sources */ = {isa = PBXBuildFile; fileRef = 25CEC174272C033D004BCFA9 /* FeedItem.swift */; };
		25CEC17827322DF1004BCFA9 /* FeedLoader.swift in Sources */ = {isa = PBXBuildFile; fileRef = 25CEC17727322DF1004BCFA9 /* FeedLoader.swift */; };
		25CEC17A27322F68004BCFA9 /* RemoteFeedLoaderTests.swift in Sources */ = {isa = PBXBuildFile; fileRef = 25CEC17927322F68004BCFA9 /* RemoteFeedLoaderTests.swift */; };
/* End PBXBuildFile section */

/* Begin PBXContainerItemProxy section */
		253B9A862749264400F44E9E /* PBXContainerItemProxy */ = {
			isa = PBXContainerItemProxy;
			containerPortal = 25CEC153272C0300004BCFA9 /* Project object */;
			proxyType = 1;
			remoteGlobalIDString = 25CEC15B272C0300004BCFA9;
			remoteInfo = EssentialFeed;
		};
		25CEC166272C0300004BCFA9 /* PBXContainerItemProxy */ = {
			isa = PBXContainerItemProxy;
			containerPortal = 25CEC153272C0300004BCFA9 /* Project object */;
			proxyType = 1;
			remoteGlobalIDString = 25CEC15B272C0300004BCFA9;
			remoteInfo = EssentialFeed;
		};
/* End PBXContainerItemProxy section */

/* Begin PBXFileReference section */
		250AEAEE273A0576004D423C /* HttpClient.swift */ = {isa = PBXFileReference; lastKnownFileType = sourcecode.swift; path = HttpClient.swift; sourceTree = "<group>"; };
		250AEAF0273A0591004D423C /* FeedItemMapper.swift */ = {isa = PBXFileReference; lastKnownFileType = sourcecode.swift; path = FeedItemMapper.swift; sourceTree = "<group>"; };
		250AEAF4273C28D6004D423C /* URLSessionHttpClientTests.swift */ = {isa = PBXFileReference; lastKnownFileType = sourcecode.swift; path = URLSessionHttpClientTests.swift; sourceTree = "<group>"; };
		250AEAF7273CABCE004D423C /* XCTestCase+MemoryLeakTrack.swift */ = {isa = PBXFileReference; lastKnownFileType = sourcecode.swift; path = "XCTestCase+MemoryLeakTrack.swift"; sourceTree = "<group>"; };
		250AEAF9273CAC1F004D423C /* TestFactories.swift */ = {isa = PBXFileReference; lastKnownFileType = sourcecode.swift; path = TestFactories.swift; sourceTree = "<group>"; };
		25263808274FBF1400FB8DE1 /* FeedStoreSpy.swift */ = {isa = PBXFileReference; lastKnownFileType = sourcecode.swift; path = FeedStoreSpy.swift; sourceTree = "<group>"; };
		2526380B274FBFEC00FB8DE1 /* LoadFeedUseCaseTests.swift */ = {isa = PBXFileReference; lastKnownFileType = sourcecode.swift; path = LoadFeedUseCaseTests.swift; sourceTree = "<group>"; };
		253B9A812749264400F44E9E /* EssentialFeedAPIEndToEndTests.xctest */ = {isa = PBXFileReference; explicitFileType = wrapper.cfbundle; includeInIndex = 0; path = EssentialFeedAPIEndToEndTests.xctest; sourceTree = BUILT_PRODUCTS_DIR; };
		253B9A832749264400F44E9E /* EssentialFeedAPIEndToEndTests.swift */ = {isa = PBXFileReference; lastKnownFileType = sourcecode.swift; path = EssentialFeedAPIEndToEndTests.swift; sourceTree = "<group>"; };
		257962D5274A60CB0033DE0C /* CacheFeedUseCaseTests.swift */ = {isa = PBXFileReference; lastKnownFileType = sourcecode.swift; path = CacheFeedUseCaseTests.swift; sourceTree = "<group>"; };
		257962DA274EB95B0033DE0C /* LocalFeedLoader.swift */ = {isa = PBXFileReference; lastKnownFileType = sourcecode.swift; path = LocalFeedLoader.swift; sourceTree = "<group>"; };
		257962DC274EB9E70033DE0C /* FeedStore.swift */ = {isa = PBXFileReference; lastKnownFileType = sourcecode.swift; path = FeedStore.swift; sourceTree = "<group>"; };
		25AB33F5274558B70074885A /* URLSessionHttpClient.swift */ = {isa = PBXFileReference; lastKnownFileType = sourcecode.swift; path = URLSessionHttpClient.swift; sourceTree = "<group>"; };
		25BEF8092736874B000D21F2 /* RemoteFeedLoader.swift */ = {isa = PBXFileReference; fileEncoding = 4; lastKnownFileType = sourcecode.swift; path = RemoteFeedLoader.swift; sourceTree = "<group>"; };
		25CEC15C272C0300004BCFA9 /* EssentialFeed.framework */ = {isa = PBXFileReference; explicitFileType = wrapper.framework; includeInIndex = 0; path = EssentialFeed.framework; sourceTree = BUILT_PRODUCTS_DIR; };
		25CEC164272C0300004BCFA9 /* EssentialFeedTests.xctest */ = {isa = PBXFileReference; explicitFileType = wrapper.cfbundle; includeInIndex = 0; path = EssentialFeedTests.xctest; sourceTree = BUILT_PRODUCTS_DIR; };
		25CEC174272C033D004BCFA9 /* FeedItem.swift */ = {isa = PBXFileReference; lastKnownFileType = sourcecode.swift; path = FeedItem.swift; sourceTree = "<group>"; };
		25CEC17727322DF1004BCFA9 /* FeedLoader.swift */ = {isa = PBXFileReference; lastKnownFileType = sourcecode.swift; path = FeedLoader.swift; sourceTree = "<group>"; };
		25CEC17927322F68004BCFA9 /* RemoteFeedLoaderTests.swift */ = {isa = PBXFileReference; lastKnownFileType = sourcecode.swift; path = RemoteFeedLoaderTests.swift; sourceTree = "<group>"; };
/* End PBXFileReference section */

/* Begin PBXFrameworksBuildPhase section */
		253B9A7E2749264400F44E9E /* Frameworks */ = {
			isa = PBXFrameworksBuildPhase;
			buildActionMask = 2147483647;
			files = (
				253B9A852749264400F44E9E /* EssentialFeed.framework in Frameworks */,
			);
			runOnlyForDeploymentPostprocessing = 0;
		};
		25CEC159272C0300004BCFA9 /* Frameworks */ = {
			isa = PBXFrameworksBuildPhase;
			buildActionMask = 2147483647;
			files = (
			);
			runOnlyForDeploymentPostprocessing = 0;
		};
		25CEC161272C0300004BCFA9 /* Frameworks */ = {
			isa = PBXFrameworksBuildPhase;
			buildActionMask = 2147483647;
			files = (
				25CEC165272C0300004BCFA9 /* EssentialFeed.framework in Frameworks */,
			);
			runOnlyForDeploymentPostprocessing = 0;
		};
/* End PBXFrameworksBuildPhase section */

/* Begin PBXGroup section */
		250AEAF2273A0C1E004D423C /* Feed API */ = {
			isa = PBXGroup;
			children = (
				25CEC17927322F68004BCFA9 /* RemoteFeedLoaderTests.swift */,
				250AEAF4273C28D6004D423C /* URLSessionHttpClientTests.swift */,
			);
			path = "Feed API";
			sourceTree = "<group>";
		};
		250AEAF6273CABB2004D423C /* Helpers */ = {
			isa = PBXGroup;
			children = (
				250AEAF7273CABCE004D423C /* XCTestCase+MemoryLeakTrack.swift */,
				250AEAF9273CAC1F004D423C /* TestFactories.swift */,
			);
			path = Helpers;
			sourceTree = "<group>";
		};
		25263807274FBEF700FB8DE1 /* Helpers */ = {
			isa = PBXGroup;
			children = (
				25263808274FBF1400FB8DE1 /* FeedStoreSpy.swift */,
			);
			path = Helpers;
			sourceTree = "<group>";
		};
		253B9A822749264400F44E9E /* EssentialFeedAPIEndToEndTests */ = {
			isa = PBXGroup;
			children = (
				253B9A832749264400F44E9E /* EssentialFeedAPIEndToEndTests.swift */,
			);
			path = EssentialFeedAPIEndToEndTests;
			sourceTree = "<group>";
		};
		257962D4274A60B00033DE0C /* Feed Cache */ = {
			isa = PBXGroup;
			children = (
				25263807274FBEF700FB8DE1 /* Helpers */,
				257962D5274A60CB0033DE0C /* CacheFeedUseCaseTests.swift */,
				2526380B274FBFEC00FB8DE1 /* LoadFeedUseCaseTests.swift */,
			);
			path = "Feed Cache";
			sourceTree = "<group>";
		};
		257962D9274EB91E0033DE0C /* Feed Cache */ = {
			isa = PBXGroup;
			children = (
				257962DA274EB95B0033DE0C /* LocalFeedLoader.swift */,
				257962DC274EB9E70033DE0C /* FeedStore.swift */,
			);
			path = "Feed Cache";
			sourceTree = "<group>";
		};
		25BEF8082736874B000D21F2 /* Feed API */ = {
			isa = PBXGroup;
			children = (
				250AEAEE273A0576004D423C /* HttpClient.swift */,
				25BEF8092736874B000D21F2 /* RemoteFeedLoader.swift */,
				250AEAF0273A0591004D423C /* FeedItemMapper.swift */,
				25AB33F5274558B70074885A /* URLSessionHttpClient.swift */,
			);
			path = "Feed API";
			sourceTree = "<group>";
		};
		25CEC152272C0300004BCFA9 = {
			isa = PBXGroup;
			children = (
				25CEC15E272C0300004BCFA9 /* EssentialFeed */,
				25CEC168272C0300004BCFA9 /* EssentialFeedTests */,
				253B9A822749264400F44E9E /* EssentialFeedAPIEndToEndTests */,
				25CEC15D272C0300004BCFA9 /* Products */,
			);
			sourceTree = "<group>";
		};
		25CEC15D272C0300004BCFA9 /* Products */ = {
			isa = PBXGroup;
			children = (
				25CEC15C272C0300004BCFA9 /* EssentialFeed.framework */,
				25CEC164272C0300004BCFA9 /* EssentialFeedTests.xctest */,
				253B9A812749264400F44E9E /* EssentialFeedAPIEndToEndTests.xctest */,
			);
			name = Products;
			sourceTree = "<group>";
		};
		25CEC15E272C0300004BCFA9 /* EssentialFeed */ = {
			isa = PBXGroup;
			children = (
				25CEC17627322DCC004BCFA9 /* Feed Feature */,
				25BEF8082736874B000D21F2 /* Feed API */,
				257962D9274EB91E0033DE0C /* Feed Cache */,
			);
			path = EssentialFeed;
			sourceTree = "<group>";
		};
		25CEC168272C0300004BCFA9 /* EssentialFeedTests */ = {
			isa = PBXGroup;
			children = (
				250AEAF6273CABB2004D423C /* Helpers */,
				257962D4274A60B00033DE0C /* Feed Cache */,
				250AEAF2273A0C1E004D423C /* Feed API */,
			);
			path = EssentialFeedTests;
			sourceTree = "<group>";
		};
		25CEC17627322DCC004BCFA9 /* Feed Feature */ = {
			isa = PBXGroup;
			children = (
				25CEC174272C033D004BCFA9 /* FeedItem.swift */,
				25CEC17727322DF1004BCFA9 /* FeedLoader.swift */,
			);
			path = "Feed Feature";
			sourceTree = "<group>";
		};
/* End PBXGroup section */

/* Begin PBXHeadersBuildPhase section */
		25CEC157272C0300004BCFA9 /* Headers */ = {
			isa = PBXHeadersBuildPhase;
			buildActionMask = 2147483647;
			files = (
			);
			runOnlyForDeploymentPostprocessing = 0;
		};
/* End PBXHeadersBuildPhase section */

/* Begin PBXNativeTarget section */
		253B9A802749264400F44E9E /* EssentialFeedAPIEndToEndTests */ = {
			isa = PBXNativeTarget;
			buildConfigurationList = 253B9A882749264400F44E9E /* Build configuration list for PBXNativeTarget "EssentialFeedAPIEndToEndTests" */;
			buildPhases = (
				253B9A7D2749264400F44E9E /* Sources */,
				253B9A7E2749264400F44E9E /* Frameworks */,
				253B9A7F2749264400F44E9E /* Resources */,
			);
			buildRules = (
			);
			dependencies = (
				253B9A872749264400F44E9E /* PBXTargetDependency */,
			);
			name = EssentialFeedAPIEndToEndTests;
			productName = EssentialFeedAPIEndToEndTests;
			productReference = 253B9A812749264400F44E9E /* EssentialFeedAPIEndToEndTests.xctest */;
			productType = "com.apple.product-type.bundle.unit-test";
		};
		25CEC15B272C0300004BCFA9 /* EssentialFeed */ = {
			isa = PBXNativeTarget;
			buildConfigurationList = 25CEC16E272C0300004BCFA9 /* Build configuration list for PBXNativeTarget "EssentialFeed" */;
			buildPhases = (
				25CEC157272C0300004BCFA9 /* Headers */,
				25CEC158272C0300004BCFA9 /* Sources */,
				25CEC159272C0300004BCFA9 /* Frameworks */,
				25CEC15A272C0300004BCFA9 /* Resources */,
			);
			buildRules = (
			);
			dependencies = (
			);
			name = EssentialFeed;
			productName = EssentialFeed;
			productReference = 25CEC15C272C0300004BCFA9 /* EssentialFeed.framework */;
			productType = "com.apple.product-type.framework";
		};
		25CEC163272C0300004BCFA9 /* EssentialFeedTests */ = {
			isa = PBXNativeTarget;
			buildConfigurationList = 25CEC171272C0300004BCFA9 /* Build configuration list for PBXNativeTarget "EssentialFeedTests" */;
			buildPhases = (
				25CEC160272C0300004BCFA9 /* Sources */,
				25CEC161272C0300004BCFA9 /* Frameworks */,
				25CEC162272C0300004BCFA9 /* Resources */,
			);
			buildRules = (
			);
			dependencies = (
				25CEC167272C0300004BCFA9 /* PBXTargetDependency */,
			);
			name = EssentialFeedTests;
			productName = EssentialFeedTests;
			productReference = 25CEC164272C0300004BCFA9 /* EssentialFeedTests.xctest */;
			productType = "com.apple.product-type.bundle.unit-test";
		};
/* End PBXNativeTarget section */

/* Begin PBXProject section */
		25CEC153272C0300004BCFA9 /* Project object */ = {
			isa = PBXProject;
			attributes = {
				BuildIndependentTargetsInParallel = 1;
				LastSwiftUpdateCheck = 1310;
				LastUpgradeCheck = 1300;
				TargetAttributes = {
					253B9A802749264400F44E9E = {
						CreatedOnToolsVersion = 13.1;
					};
					25CEC15B272C0300004BCFA9 = {
						CreatedOnToolsVersion = 13.0;
						LastSwiftMigration = 1300;
					};
					25CEC163272C0300004BCFA9 = {
						CreatedOnToolsVersion = 13.0;
					};
				};
			};
			buildConfigurationList = 25CEC156272C0300004BCFA9 /* Build configuration list for PBXProject "EssentialFeed" */;
			compatibilityVersion = "Xcode 13.0";
			developmentRegion = en;
			hasScannedForEncodings = 0;
			knownRegions = (
				en,
				Base,
			);
			mainGroup = 25CEC152272C0300004BCFA9;
			productRefGroup = 25CEC15D272C0300004BCFA9 /* Products */;
			projectDirPath = "";
			projectRoot = "";
			targets = (
				25CEC15B272C0300004BCFA9 /* EssentialFeed */,
				25CEC163272C0300004BCFA9 /* EssentialFeedTests */,
				253B9A802749264400F44E9E /* EssentialFeedAPIEndToEndTests */,
			);
		};
/* End PBXProject section */

/* Begin PBXResourcesBuildPhase section */
		253B9A7F2749264400F44E9E /* Resources */ = {
			isa = PBXResourcesBuildPhase;
			buildActionMask = 2147483647;
			files = (
			);
			runOnlyForDeploymentPostprocessing = 0;
		};
		25CEC15A272C0300004BCFA9 /* Resources */ = {
			isa = PBXResourcesBuildPhase;
			buildActionMask = 2147483647;
			files = (
			);
			runOnlyForDeploymentPostprocessing = 0;
		};
		25CEC162272C0300004BCFA9 /* Resources */ = {
			isa = PBXResourcesBuildPhase;
			buildActionMask = 2147483647;
			files = (
			);
			runOnlyForDeploymentPostprocessing = 0;
		};
/* End PBXResourcesBuildPhase section */

/* Begin PBXSourcesBuildPhase section */
		253B9A7D2749264400F44E9E /* Sources */ = {
			isa = PBXSourcesBuildPhase;
			buildActionMask = 2147483647;
			files = (
				253B9A8B2749268100F44E9E /* XCTestCase+MemoryLeakTrack.swift in Sources */,
				253B9A842749264400F44E9E /* EssentialFeedAPIEndToEndTests.swift in Sources */,
			);
			runOnlyForDeploymentPostprocessing = 0;
		};
		25CEC158272C0300004BCFA9 /* Sources */ = {
			isa = PBXSourcesBuildPhase;
			buildActionMask = 2147483647;
			files = (
				25CEC17827322DF1004BCFA9 /* FeedLoader.swift in Sources */,
				250AEAF1273A0591004D423C /* FeedItemMapper.swift in Sources */,
				25BEF80A2736874B000D21F2 /* RemoteFeedLoader.swift in Sources */,
				257962DD274EB9E70033DE0C /* FeedStore.swift in Sources */,
				257962DB274EB95B0033DE0C /* LocalFeedLoader.swift in Sources */,
				25AB33F6274558B70074885A /* URLSessionHttpClient.swift in Sources */,
				250AEAEF273A0576004D423C /* HttpClient.swift in Sources */,
				25CEC175272C033D004BCFA9 /* FeedItem.swift in Sources */,
			);
			runOnlyForDeploymentPostprocessing = 0;
		};
		25CEC160272C0300004BCFA9 /* Sources */ = {
			isa = PBXSourcesBuildPhase;
			buildActionMask = 2147483647;
			files = (
				2526380C274FBFEC00FB8DE1 /* LoadFeedUseCaseTests.swift in Sources */,
				250AEAFA273CAC1F004D423C /* TestFactories.swift in Sources */,
				25CEC17A27322F68004BCFA9 /* RemoteFeedLoaderTests.swift in Sources */,
				25263809274FBF1400FB8DE1 /* FeedStoreSpy.swift in Sources */,
				250AEAF8273CABCE004D423C /* XCTestCase+MemoryLeakTrack.swift in Sources */,
				257962D6274A60CB0033DE0C /* CacheFeedUseCaseTests.swift in Sources */,
				250AEAF5273C28D6004D423C /* URLSessionHttpClientTests.swift in Sources */,
			);
			runOnlyForDeploymentPostprocessing = 0;
		};
/* End PBXSourcesBuildPhase section */

/* Begin PBXTargetDependency section */
		253B9A872749264400F44E9E /* PBXTargetDependency */ = {
			isa = PBXTargetDependency;
			target = 25CEC15B272C0300004BCFA9 /* EssentialFeed */;
			targetProxy = 253B9A862749264400F44E9E /* PBXContainerItemProxy */;
		};
		25CEC167272C0300004BCFA9 /* PBXTargetDependency */ = {
			isa = PBXTargetDependency;
			target = 25CEC15B272C0300004BCFA9 /* EssentialFeed */;
			targetProxy = 25CEC166272C0300004BCFA9 /* PBXContainerItemProxy */;
		};
/* End PBXTargetDependency section */

/* Begin XCBuildConfiguration section */
		253B9A892749264400F44E9E /* Debug */ = {
			isa = XCBuildConfiguration;
			buildSettings = {
				CODE_SIGN_STYLE = Automatic;
				COMBINE_HIDPI_IMAGES = YES;
				CURRENT_PROJECT_VERSION = 1;
				DEVELOPMENT_TEAM = M2DD4Z95YZ;
				GENERATE_INFOPLIST_FILE = YES;
				LD_RUNPATH_SEARCH_PATHS = (
					"$(inherited)",
					"@executable_path/../Frameworks",
					"@loader_path/../Frameworks",
				);
				MACOSX_DEPLOYMENT_TARGET = 11.6;
				MARKETING_VERSION = 1.0;
				PRODUCT_BUNDLE_IDENTIFIER = teste.EssentialFeedAPIEndToEndTests;
				PRODUCT_NAME = "$(TARGET_NAME)";
				SWIFT_EMIT_LOC_STRINGS = NO;
				SWIFT_VERSION = 5.0;
			};
			name = Debug;
		};
		253B9A8A2749264400F44E9E /* Release */ = {
			isa = XCBuildConfiguration;
			buildSettings = {
				CODE_SIGN_STYLE = Automatic;
				COMBINE_HIDPI_IMAGES = YES;
				CURRENT_PROJECT_VERSION = 1;
				DEVELOPMENT_TEAM = M2DD4Z95YZ;
				GENERATE_INFOPLIST_FILE = YES;
				LD_RUNPATH_SEARCH_PATHS = (
					"$(inherited)",
					"@executable_path/../Frameworks",
					"@loader_path/../Frameworks",
				);
				MACOSX_DEPLOYMENT_TARGET = 11.6;
				MARKETING_VERSION = 1.0;
				PRODUCT_BUNDLE_IDENTIFIER = teste.EssentialFeedAPIEndToEndTests;
				PRODUCT_NAME = "$(TARGET_NAME)";
				SWIFT_EMIT_LOC_STRINGS = NO;
				SWIFT_VERSION = 5.0;
			};
			name = Release;
		};
		25CEC16C272C0300004BCFA9 /* Debug */ = {
			isa = XCBuildConfiguration;
			buildSettings = {
				ALWAYS_SEARCH_USER_PATHS = NO;
				CLANG_ANALYZER_NONNULL = YES;
				CLANG_ANALYZER_NUMBER_OBJECT_CONVERSION = YES_AGGRESSIVE;
				CLANG_CXX_LANGUAGE_STANDARD = "gnu++17";
				CLANG_CXX_LIBRARY = "libc++";
				CLANG_ENABLE_MODULES = YES;
				CLANG_ENABLE_OBJC_ARC = YES;
				CLANG_ENABLE_OBJC_WEAK = YES;
				CLANG_WARN_BLOCK_CAPTURE_AUTORELEASING = YES;
				CLANG_WARN_BOOL_CONVERSION = YES;
				CLANG_WARN_COMMA = YES;
				CLANG_WARN_CONSTANT_CONVERSION = YES;
				CLANG_WARN_DEPRECATED_OBJC_IMPLEMENTATIONS = YES;
				CLANG_WARN_DIRECT_OBJC_ISA_USAGE = YES_ERROR;
				CLANG_WARN_DOCUMENTATION_COMMENTS = YES;
				CLANG_WARN_EMPTY_BODY = YES;
				CLANG_WARN_ENUM_CONVERSION = YES;
				CLANG_WARN_INFINITE_RECURSION = YES;
				CLANG_WARN_INT_CONVERSION = YES;
				CLANG_WARN_NON_LITERAL_NULL_CONVERSION = YES;
				CLANG_WARN_OBJC_IMPLICIT_RETAIN_SELF = YES;
				CLANG_WARN_OBJC_LITERAL_CONVERSION = YES;
				CLANG_WARN_OBJC_ROOT_CLASS = YES_ERROR;
				CLANG_WARN_QUOTED_INCLUDE_IN_FRAMEWORK_HEADER = YES;
				CLANG_WARN_RANGE_LOOP_ANALYSIS = YES;
				CLANG_WARN_STRICT_PROTOTYPES = YES;
				CLANG_WARN_SUSPICIOUS_MOVE = YES;
				CLANG_WARN_UNGUARDED_AVAILABILITY = YES_AGGRESSIVE;
				CLANG_WARN_UNREACHABLE_CODE = YES;
				CLANG_WARN__DUPLICATE_METHOD_MATCH = YES;
				COPY_PHASE_STRIP = NO;
				CURRENT_PROJECT_VERSION = 1;
				DEBUG_INFORMATION_FORMAT = dwarf;
				ENABLE_STRICT_OBJC_MSGSEND = YES;
				ENABLE_TESTABILITY = YES;
				GCC_C_LANGUAGE_STANDARD = gnu11;
				GCC_DYNAMIC_NO_PIC = NO;
				GCC_NO_COMMON_BLOCKS = YES;
				GCC_OPTIMIZATION_LEVEL = 0;
				GCC_PREPROCESSOR_DEFINITIONS = (
					"DEBUG=1",
					"$(inherited)",
				);
				GCC_WARN_64_TO_32_BIT_CONVERSION = YES;
				GCC_WARN_ABOUT_RETURN_TYPE = YES_ERROR;
				GCC_WARN_UNDECLARED_SELECTOR = YES;
				GCC_WARN_UNINITIALIZED_AUTOS = YES_AGGRESSIVE;
				GCC_WARN_UNUSED_FUNCTION = YES;
				GCC_WARN_UNUSED_VARIABLE = YES;
				MACOSX_DEPLOYMENT_TARGET = 11.3;
				MTL_ENABLE_DEBUG_INFO = INCLUDE_SOURCE;
				MTL_FAST_MATH = YES;
				ONLY_ACTIVE_ARCH = YES;
				SDKROOT = macosx;
				SWIFT_ACTIVE_COMPILATION_CONDITIONS = DEBUG;
				SWIFT_OPTIMIZATION_LEVEL = "-Onone";
				VERSIONING_SYSTEM = "apple-generic";
				VERSION_INFO_PREFIX = "";
			};
			name = Debug;
		};
		25CEC16D272C0300004BCFA9 /* Release */ = {
			isa = XCBuildConfiguration;
			buildSettings = {
				ALWAYS_SEARCH_USER_PATHS = NO;
				CLANG_ANALYZER_NONNULL = YES;
				CLANG_ANALYZER_NUMBER_OBJECT_CONVERSION = YES_AGGRESSIVE;
				CLANG_CXX_LANGUAGE_STANDARD = "gnu++17";
				CLANG_CXX_LIBRARY = "libc++";
				CLANG_ENABLE_MODULES = YES;
				CLANG_ENABLE_OBJC_ARC = YES;
				CLANG_ENABLE_OBJC_WEAK = YES;
				CLANG_WARN_BLOCK_CAPTURE_AUTORELEASING = YES;
				CLANG_WARN_BOOL_CONVERSION = YES;
				CLANG_WARN_COMMA = YES;
				CLANG_WARN_CONSTANT_CONVERSION = YES;
				CLANG_WARN_DEPRECATED_OBJC_IMPLEMENTATIONS = YES;
				CLANG_WARN_DIRECT_OBJC_ISA_USAGE = YES_ERROR;
				CLANG_WARN_DOCUMENTATION_COMMENTS = YES;
				CLANG_WARN_EMPTY_BODY = YES;
				CLANG_WARN_ENUM_CONVERSION = YES;
				CLANG_WARN_INFINITE_RECURSION = YES;
				CLANG_WARN_INT_CONVERSION = YES;
				CLANG_WARN_NON_LITERAL_NULL_CONVERSION = YES;
				CLANG_WARN_OBJC_IMPLICIT_RETAIN_SELF = YES;
				CLANG_WARN_OBJC_LITERAL_CONVERSION = YES;
				CLANG_WARN_OBJC_ROOT_CLASS = YES_ERROR;
				CLANG_WARN_QUOTED_INCLUDE_IN_FRAMEWORK_HEADER = YES;
				CLANG_WARN_RANGE_LOOP_ANALYSIS = YES;
				CLANG_WARN_STRICT_PROTOTYPES = YES;
				CLANG_WARN_SUSPICIOUS_MOVE = YES;
				CLANG_WARN_UNGUARDED_AVAILABILITY = YES_AGGRESSIVE;
				CLANG_WARN_UNREACHABLE_CODE = YES;
				CLANG_WARN__DUPLICATE_METHOD_MATCH = YES;
				COPY_PHASE_STRIP = NO;
				CURRENT_PROJECT_VERSION = 1;
				DEBUG_INFORMATION_FORMAT = "dwarf-with-dsym";
				ENABLE_NS_ASSERTIONS = NO;
				ENABLE_STRICT_OBJC_MSGSEND = YES;
				GCC_C_LANGUAGE_STANDARD = gnu11;
				GCC_NO_COMMON_BLOCKS = YES;
				GCC_WARN_64_TO_32_BIT_CONVERSION = YES;
				GCC_WARN_ABOUT_RETURN_TYPE = YES_ERROR;
				GCC_WARN_UNDECLARED_SELECTOR = YES;
				GCC_WARN_UNINITIALIZED_AUTOS = YES_AGGRESSIVE;
				GCC_WARN_UNUSED_FUNCTION = YES;
				GCC_WARN_UNUSED_VARIABLE = YES;
				MACOSX_DEPLOYMENT_TARGET = 11.3;
				MTL_ENABLE_DEBUG_INFO = NO;
				MTL_FAST_MATH = YES;
				SDKROOT = macosx;
				SWIFT_COMPILATION_MODE = wholemodule;
				SWIFT_OPTIMIZATION_LEVEL = "-O";
				VERSIONING_SYSTEM = "apple-generic";
				VERSION_INFO_PREFIX = "";
			};
			name = Release;
		};
		25CEC16F272C0300004BCFA9 /* Debug */ = {
			isa = XCBuildConfiguration;
			buildSettings = {
				CLANG_ENABLE_MODULES = YES;
				CODE_SIGN_STYLE = Automatic;
				COMBINE_HIDPI_IMAGES = YES;
				CURRENT_PROJECT_VERSION = 1;
				DEFINES_MODULE = YES;
				DEVELOPMENT_TEAM = M2DD4Z95YZ;
				DYLIB_COMPATIBILITY_VERSION = 1;
				DYLIB_CURRENT_VERSION = 1;
				DYLIB_INSTALL_NAME_BASE = "@rpath";
				GENERATE_INFOPLIST_FILE = YES;
				INFOPLIST_KEY_NSHumanReadableCopyright = "";
				INSTALL_PATH = "$(LOCAL_LIBRARY_DIR)/Frameworks";
				LD_RUNPATH_SEARCH_PATHS = (
					"$(inherited)",
					"@executable_path/../Frameworks",
					"@loader_path/Frameworks",
				);
				MARKETING_VERSION = 1.0;
				PRODUCT_BUNDLE_IDENTIFIER = LuizHammerli.EssentialFeed;
				PRODUCT_NAME = "$(TARGET_NAME:c99extidentifier)";
				SKIP_INSTALL = YES;
				SWIFT_EMIT_LOC_STRINGS = YES;
				SWIFT_OPTIMIZATION_LEVEL = "-Onone";
				SWIFT_VERSION = 5.0;
			};
			name = Debug;
		};
		25CEC170272C0300004BCFA9 /* Release */ = {
			isa = XCBuildConfiguration;
			buildSettings = {
				CLANG_ENABLE_MODULES = YES;
				CODE_SIGN_STYLE = Automatic;
				COMBINE_HIDPI_IMAGES = YES;
				CURRENT_PROJECT_VERSION = 1;
				DEFINES_MODULE = YES;
				DEVELOPMENT_TEAM = M2DD4Z95YZ;
				DYLIB_COMPATIBILITY_VERSION = 1;
				DYLIB_CURRENT_VERSION = 1;
				DYLIB_INSTALL_NAME_BASE = "@rpath";
				GENERATE_INFOPLIST_FILE = YES;
				INFOPLIST_KEY_NSHumanReadableCopyright = "";
				INSTALL_PATH = "$(LOCAL_LIBRARY_DIR)/Frameworks";
				LD_RUNPATH_SEARCH_PATHS = (
					"$(inherited)",
					"@executable_path/../Frameworks",
					"@loader_path/Frameworks",
				);
				MARKETING_VERSION = 1.0;
				PRODUCT_BUNDLE_IDENTIFIER = LuizHammerli.EssentialFeed;
				PRODUCT_NAME = "$(TARGET_NAME:c99extidentifier)";
				SKIP_INSTALL = YES;
				SWIFT_EMIT_LOC_STRINGS = YES;
				SWIFT_VERSION = 5.0;
			};
			name = Release;
		};
		25CEC172272C0300004BCFA9 /* Debug */ = {
			isa = XCBuildConfiguration;
			buildSettings = {
				ALWAYS_EMBED_SWIFT_STANDARD_LIBRARIES = YES;
				CODE_SIGN_STYLE = Automatic;
				COMBINE_HIDPI_IMAGES = YES;
				CURRENT_PROJECT_VERSION = 1;
				DEVELOPMENT_TEAM = M2DD4Z95YZ;
				GENERATE_INFOPLIST_FILE = YES;
				LD_RUNPATH_SEARCH_PATHS = (
					"$(inherited)",
					"@executable_path/../Frameworks",
					"@loader_path/../Frameworks",
				);
				MARKETING_VERSION = 1.0;
				PRODUCT_BUNDLE_IDENTIFIER = LuizHammerli.EssentialFeedTests;
				PRODUCT_NAME = "$(TARGET_NAME)";
				SWIFT_EMIT_LOC_STRINGS = NO;
				SWIFT_VERSION = 5.0;
			};
			name = Debug;
		};
		25CEC173272C0300004BCFA9 /* Release */ = {
			isa = XCBuildConfiguration;
			buildSettings = {
				ALWAYS_EMBED_SWIFT_STANDARD_LIBRARIES = YES;
				CODE_SIGN_STYLE = Automatic;
				COMBINE_HIDPI_IMAGES = YES;
				CURRENT_PROJECT_VERSION = 1;
				DEVELOPMENT_TEAM = U585577THR;
				GENERATE_INFOPLIST_FILE = YES;
				LD_RUNPATH_SEARCH_PATHS = (
					"$(inherited)",
					"@executable_path/../Frameworks",
					"@loader_path/../Frameworks",
				);
				MARKETING_VERSION = 1.0;
				PRODUCT_BUNDLE_IDENTIFIER = LuizHammerli.EssentialFeedTests;
				PRODUCT_NAME = "$(TARGET_NAME)";
				SWIFT_EMIT_LOC_STRINGS = NO;
				SWIFT_VERSION = 5.0;
			};
			name = Release;
		};
/* End XCBuildConfiguration section */

/* Begin XCConfigurationList section */
		253B9A882749264400F44E9E /* Build configuration list for PBXNativeTarget "EssentialFeedAPIEndToEndTests" */ = {
			isa = XCConfigurationList;
			buildConfigurations = (
				253B9A892749264400F44E9E /* Debug */,
				253B9A8A2749264400F44E9E /* Release */,
			);
			defaultConfigurationIsVisible = 0;
			defaultConfigurationName = Release;
		};
		25CEC156272C0300004BCFA9 /* Build configuration list for PBXProject "EssentialFeed" */ = {
			isa = XCConfigurationList;
			buildConfigurations = (
				25CEC16C272C0300004BCFA9 /* Debug */,
				25CEC16D272C0300004BCFA9 /* Release */,
			);
			defaultConfigurationIsVisible = 0;
			defaultConfigurationName = Release;
		};
		25CEC16E272C0300004BCFA9 /* Build configuration list for PBXNativeTarget "EssentialFeed" */ = {
			isa = XCConfigurationList;
			buildConfigurations = (
				25CEC16F272C0300004BCFA9 /* Debug */,
				25CEC170272C0300004BCFA9 /* Release */,
			);
			defaultConfigurationIsVisible = 0;
			defaultConfigurationName = Release;
		};
		25CEC171272C0300004BCFA9 /* Build configuration list for PBXNativeTarget "EssentialFeedTests" */ = {
			isa = XCConfigurationList;
			buildConfigurations = (
				25CEC172272C0300004BCFA9 /* Debug */,
				25CEC173272C0300004BCFA9 /* Release */,
			);
			defaultConfigurationIsVisible = 0;
			defaultConfigurationName = Release;
		};
/* End XCConfigurationList section */
	};
	rootObject = 25CEC153272C0300004BCFA9 /* Project object */;
}
